
Microsoft Visual Studio Solution File, Format Version 12.00
# Visual Studio Version 17
VisualStudioVersion = 17.0.31903.59
MinimumVisualStudioVersion = 10.0.40219.1
Project("{FAE04EC0-301F-11D3-BF4B-00C04F79EFBC}") = "Net.Sample.Console", "Net.Sample.Console\Net.Sample.Console.csproj", "{B13002F5-C71D-45E8-AEAF-6C36020991E6}"
EndProject
Project("{FAE04EC0-301F-11D3-BF4B-00C04F79EFBC}") = "Net.Sample.Application", "Net.Sample.Application\Net.Sample.Application.csproj", "{113668E4-0D82-4719-9FC4-137060275011}"
EndProject
Project("{FAE04EC0-301F-11D3-BF4B-00C04F79EFBC}") = "Net.Sample.Application.Tests", "Net.Sample.Application.Tests\Net.Sample.Application.Tests.csproj", "{7716E4C5-0F82-40BD-8C5A-D885E7F46013}"
EndProject
Global
	GlobalSection(SolutionConfigurationPlatforms) = preSolution
		Debug|Any CPU = Debug|Any CPU
		Release|Any CPU = Release|Any CPU
	EndGlobalSection
	GlobalSection(ProjectConfigurationPlatforms) = postSolution
		{B13002F5-C71D-45E8-AEAF-6C36020991E6}.Debug|Any CPU.ActiveCfg = Debug|Any CPU
		{B13002F5-C71D-45E8-AEAF-6C36020991E6}.Debug|Any CPU.Build.0 = Debug|Any CPU
		{B13002F5-C71D-45E8-AEAF-6C36020991E6}.Release|Any CPU.ActiveCfg = Release|Any CPU
		{B13002F5-C71D-45E8-AEAF-6C36020991E6}.Release|Any CPU.Build.0 = Release|Any CPU
		{113668E4-0D82-4719-9FC4-137060275011}.Debug|Any CPU.ActiveCfg = Debug|Any CPU
		{113668E4-0D82-4719-9FC4-137060275011}.Debug|Any CPU.Build.0 = Debug|Any CPU
		{113668E4-0D82-4719-9FC4-137060275011}.Release|Any CPU.ActiveCfg = Release|Any CPU
		{113668E4-0D82-4719-9FC4-137060275011}.Release|Any CPU.Build.0 = Release|Any CPU
		{7716E4C5-0F82-40BD-8C5A-D885E7F46013}.Debug|Any CPU.ActiveCfg = Debug|Any CPU
		{7716E4C5-0F82-40BD-8C5A-D885E7F46013}.Debug|Any CPU.Build.0 = Debug|Any CPU
		{7716E4C5-0F82-40BD-8C5A-D885E7F46013}.Release|Any CPU.ActiveCfg = Release|Any CPU
		{7716E4C5-0F82-40BD-8C5A-D885E7F46013}.Release|Any CPU.Build.0 = Release|Any CPU
	EndGlobalSection
	GlobalSection(SolutionProperties) = preSolution
		HideSolutionNode = FALSE
	EndGlobalSection
	GlobalSection(ExtensibilityGlobals) = postSolution
		SolutionGuid = {65D4791F-8B30-46EE-B19E-2FB33289925F}
	EndGlobalSection
EndGlobal
